<?xml version="1.0" encoding="utf-8"?>
<Project ToolsVersion="4.0" xmlns="http://schemas.microsoft.com/developer/msbuild/2003">
  <ItemGroup>
    <Filter Include="Header">
      <UniqueIdentifier>{eafb0778-f8cb-43fe-9a0c-5422a1466711}</UniqueIdentifier>
    </Filter>
    <Filter Include="Source">
      <UniqueIdentifier>{725a4794-f146-4226-a71d-963b5353fe94}</UniqueIdentifier>
    </Filter>
  </ItemGroup>
  <ItemGroup>
    <ClInclude Include="imgui.h">
      <Filter>Header</Filter>
    </ClInclude>
    <ClInclude Include="imgui_impl_sdl.h">
      <Filter>Header</Filter>
    </ClInclude>
    <ClInclude Include="imgui_impl_sdlrenderer.h">
      <Filter>Header</Filter>
    </ClInclude>
    <ClInclude Include="imgui_internal.h">
      <Filter>Header</Filter>
    </ClInclude>
    <ClInclude Include="imstb_rectpack.h">
      <Filter>Header</Filter>
    </ClInclude>
    <ClInclude Include="imstb_textedit.h">
      <Filter>Header</Filter>
    </ClInclude>
    <ClInclude Include="imstb_truetype.h">
      <Filter>Header</Filter>
    </ClInclude>
    <ClInclude Include="imconfig.h">
      <Filter>Header</Filter>
    </ClInclude>
  </ItemGroup>
  <ItemGroup>
    <ClCompile Include="imgui.cpp">
      <Filter>Source</Filter>
    </ClCompile>
    <ClCompile Include="imgui_draw.cpp">
      <Filter>Source</Filter>
    </ClCompile>
    <ClCompile Include="imgui_impl_sdl.cpp">
      <Filter>Source</Filter>
    </ClCompile>
    <ClCompile Include="imgui_impl_sdlrenderer.cpp">
      <Filter>Source</Filter>
    </ClCompile>
    <ClCompile Include="imgui_tables.cpp">
      <Filter>Source</Filter>
    </ClCompile>
    <ClCompile Include="imgui_widgets.cpp">
      <Filter>Source</Filter>
    </ClCompile>
    <ClCompile Include="imgui_demo.cpp">
      <Filter>Source</Filter>
    </ClCompile>
    <ClCompile Include="main.cpp">
      <Filter>Source</Filter>
    </ClCompile>
  </ItemGroup>
</Project>