<?xml version="1.0" encoding="utf-8"?>
<Project ToolsVersion="4.0" xmlns="http://schemas.microsoft.com/developer/msbuild/2003">
  <ItemGroup>
    <Filter Include="Header">
      <UniqueIdentifier>{704cd471-1bf4-4cc1-888c-3cabfcb11403}</UniqueIdentifier>
    </Filter>
    <Filter Include="Source">
      <UniqueIdentifier>{882ca50f-e9e9-441c-ae6e-77011cb3515b}</UniqueIdentifier>
    </Filter>
  </ItemGroup>
  <ItemGroup>
    <ClInclude Include="SDE_Blackboard.h">
      <Filter>Header</Filter>
    </ClInclude>
    <ClInclude Include="SDE_Component.h">
      <Filter>Header</Filter>
    </ClInclude>
    <ClInclude Include="SDE_Config.h">
      <Filter>Header</Filter>
    </ClInclude>
    <ClInclude Include="SDE_Data.h">
      <Filter>Header</Filter>
    </ClInclude>
    <ClInclude Include="SDE_Debug.h">
      <Filter>Header</Filter>
    </ClInclude>
    <ClInclude Include="SDE_Director.h">
      <Filter>Header</Filter>
    </ClInclude>
    <ClInclude Include="SDE_Entity.h">
      <Filter>Header</Filter>
    </ClInclude>
    <ClInclude Include="SDE_FileIO.h">
      <Filter>Header</Filter>
    </ClInclude>
    <ClInclude Include="SDE_LuaLightUserdata.h">
      <Filter>Header</Filter>
    </ClInclude>
    <ClInclude Include="SDE_LuaUtility.h">
      <Filter>Header</Filter>
    </ClInclude>
    <ClInclude Include="SDE_MemoryPool.h">
      <Filter>Header</Filter>
    </ClInclude>
    <ClInclude Include="SDE_Scene.h">
      <Filter>Header</Filter>
    </ClInclude>
    <ClInclude Include="SDE_System.h">
      <Filter>Header</Filter>
    </ClInclude>
    <ClInclude Include="SDE_ThreadPool.h">
      <Filter>Header</Filter>
    </ClInclude>
    <ClInclude Include="SDE_Timer.h">
      <Filter>Header</Filter>
    </ClInclude>
    <ClInclude Include="SDE_Version.h">
      <Filter>Header</Filter>
    </ClInclude>
  </ItemGroup>
  <ItemGroup>
    <ClCompile Include="SDE_Blackboard.cpp">
      <Filter>Source</Filter>
    </ClCompile>
    <ClCompile Include="SDE_Component.cpp">
      <Filter>Source</Filter>
    </ClCompile>
    <ClCompile Include="SDE_Data.cpp">
      <Filter>Source</Filter>
    </ClCompile>
    <ClCompile Include="SDE_Debug.cpp">
      <Filter>Source</Filter>
    </ClCompile>
    <ClCompile Include="SDE_Director.cpp">
      <Filter>Source</Filter>
    </ClCompile>
    <ClCompile Include="SDE_Entity.cpp">
      <Filter>Source</Filter>
    </ClCompile>
    <ClCompile Include="SDE_FileIO.cpp">
      <Filter>Source</Filter>
    </ClCompile>
    <ClCompile Include="SDE_LuaUtility.cpp">
      <Filter>Source</Filter>
    </ClCompile>
    <ClCompile Include="SDE_MemoryPool.cpp">
      <Filter>Source</Filter>
    </ClCompile>
    <ClCompile Include="SDE_Scene.cpp">
      <Filter>Source</Filter>
    </ClCompile>
    <ClCompile Include="SDE_System.cpp">
      <Filter>Source</Filter>
    </ClCompile>
    <ClCompile Include="SDE_ThreadPool.cpp">
      <Filter>Source</Filter>
    </ClCompile>
  </ItemGroup>
</Project>