<?xml version="1.0" encoding="utf-8"?>
<Project ToolsVersion="4.0" xmlns="http://schemas.microsoft.com/developer/msbuild/2003">
  <ItemGroup>
    <Filter Include="Header">
      <UniqueIdentifier>{c60221cf-a2e2-4f3e-89e2-b05158ba6a8d}</UniqueIdentifier>
    </Filter>
    <Filter Include="Source">
      <UniqueIdentifier>{b5380213-d7b6-4537-8237-a47f6a6e3520}</UniqueIdentifier>
    </Filter>
  </ItemGroup>
  <ItemGroup>
    <ClCompile Include="EngineMain.cpp">
      <Filter>Source</Filter>
    </ClCompile>
  </ItemGroup>
</Project>