<?xml version="1.0" encoding="utf-8"?>
<Project ToolsVersion="4.0" xmlns="http://schemas.microsoft.com/developer/msbuild/2003">
  <ItemGroup>
    <Filter Include="Header">
      <UniqueIdentifier>{4ecb7300-84c5-4264-8d6e-7906164b27e2}</UniqueIdentifier>
    </Filter>
    <Filter Include="Source">
      <UniqueIdentifier>{a8d636f6-f35d-47ac-859f-3d06ae71a177}</UniqueIdentifier>
    </Filter>
  </ItemGroup>
  <ItemGroup>
    <ClCompile Include="..\Runtime\main.cpp">
      <Filter>Source</Filter>
    </ClCompile>
  </ItemGroup>
</Project>